
Microsoft Visual Studio Solution File, Format Version 12.00
# Visual Studio Version 17
VisualStudioVersion = 17.1.32328.378
MinimumVisualStudioVersion = 10.0.40219.1
Project("{FAE04EC0-301F-11D3-BF4B-00C04F79EFBC}") = "Exercicio-Funcionario", "Exercicio-Funcionario.csproj", "{C7347C74-F4F8-4F58-9641-BC1421491400}"
EndProject
Global
	GlobalSection(SolutionConfigurationPlatforms) = preSolution
		Debug|Any CPU = Debug|Any CPU
		Release|Any CPU = Release|Any CPU
	EndGlobalSection
	GlobalSection(ProjectConfigurationPlatforms) = postSolution
		{C7347C74-F4F8-4F58-9641-BC1421491400}.Debug|Any CPU.ActiveCfg = Debug|Any CPU
		{C7347C74-F4F8-4F58-9641-BC1421491400}.Debug|Any CPU.Build.0 = Debug|Any CPU
		{C7347C74-F4F8-4F58-9641-BC1421491400}.Release|Any CPU.ActiveCfg = Release|Any CPU
		{C7347C74-F4F8-4F58-9641-BC1421491400}.Release|Any CPU.Build.0 = Release|Any CPU
	EndGlobalSection
	GlobalSection(SolutionProperties) = preSolution
		HideSolutionNode = FALSE
	EndGlobalSection
	GlobalSection(ExtensibilityGlobals) = postSolution
		SolutionGuid = {F4411FE0-FBC1-49AD-B70D-DCF5B712E771}
	EndGlobalSection
EndGlobal
