
Microsoft Visual Studio Solution File, Format Version 12.00
# Visual Studio Version 17
VisualStudioVersion = 17.2.32616.157
MinimumVisualStudioVersion = 10.0.40219.1
Project("{FAE04EC0-301F-11D3-BF4B-00C04F79EFBC}") = "Sobrecarga", "Sobrecarga.csproj", "{9EB25B12-D683-433C-B4E9-3C748080AFD2}"
EndProject
Global
	GlobalSection(SolutionConfigurationPlatforms) = preSolution
		Debug|Any CPU = Debug|Any CPU
		Release|Any CPU = Release|Any CPU
	EndGlobalSection
	GlobalSection(ProjectConfigurationPlatforms) = postSolution
		{9EB25B12-D683-433C-B4E9-3C748080AFD2}.Debug|Any CPU.ActiveCfg = Debug|Any CPU
		{9EB25B12-D683-433C-B4E9-3C748080AFD2}.Debug|Any CPU.Build.0 = Debug|Any CPU
		{9EB25B12-D683-433C-B4E9-3C748080AFD2}.Release|Any CPU.ActiveCfg = Release|Any CPU
		{9EB25B12-D683-433C-B4E9-3C748080AFD2}.Release|Any CPU.Build.0 = Release|Any CPU
	EndGlobalSection
	GlobalSection(SolutionProperties) = preSolution
		HideSolutionNode = FALSE
	EndGlobalSection
	GlobalSection(ExtensibilityGlobals) = postSolution
		SolutionGuid = {C8366B8B-AC3D-4A8F-B9C4-9B0D0FFC2F7D}
	EndGlobalSection
EndGlobal
