
Microsoft Visual Studio Solution File, Format Version 12.00
# Visual Studio Version 17
VisualStudioVersion = 17.2.32616.157
MinimumVisualStudioVersion = 10.0.40219.1
Project("{FAE04EC0-301F-11D3-BF4B-00C04F79EFBC}") = "Exercício", "Exercício.csproj", "{1193D462-3F53-4E51-AFF4-86AC0B8AF449}"
EndProject
Global
	GlobalSection(SolutionConfigurationPlatforms) = preSolution
		Debug|Any CPU = Debug|Any CPU
		Release|Any CPU = Release|Any CPU
	EndGlobalSection
	GlobalSection(ProjectConfigurationPlatforms) = postSolution
		{1193D462-3F53-4E51-AFF4-86AC0B8AF449}.Debug|Any CPU.ActiveCfg = Debug|Any CPU
		{1193D462-3F53-4E51-AFF4-86AC0B8AF449}.Debug|Any CPU.Build.0 = Debug|Any CPU
		{1193D462-3F53-4E51-AFF4-86AC0B8AF449}.Release|Any CPU.ActiveCfg = Release|Any CPU
		{1193D462-3F53-4E51-AFF4-86AC0B8AF449}.Release|Any CPU.Build.0 = Release|Any CPU
	EndGlobalSection
	GlobalSection(SolutionProperties) = preSolution
		HideSolutionNode = FALSE
	EndGlobalSection
	GlobalSection(ExtensibilityGlobals) = postSolution
		SolutionGuid = {425D685F-CD1F-48AD-9959-78C883EF3D41}
	EndGlobalSection
EndGlobal
